
Microsoft Visual Studio Solution File, Format Version 12.00
# Visual Studio Version 17
VisualStudioVersion = 17.2.32616.157
MinimumVisualStudioVersion = 10.0.40219.1
Project("{FAE04EC0-301F-11D3-BF4B-00C04F79EFBC}") = "SnowGame", "SnowGame\SnowGame.csproj", "{4CFE507E-917C-4741-B45D-4DC141F750FB}"
EndProject
Global
	GlobalSection(SolutionConfigurationPlatforms) = preSolution
		Debug|Any CPU = Debug|Any CPU
		Release|Any CPU = Release|Any CPU
	EndGlobalSection
	GlobalSection(ProjectConfigurationPlatforms) = postSolution
		{4CFE507E-917C-4741-B45D-4DC141F750FB}.Debug|Any CPU.ActiveCfg = Debug|Any CPU
		{4CFE507E-917C-4741-B45D-4DC141F750FB}.Debug|Any CPU.Build.0 = Debug|Any CPU
		{4CFE507E-917C-4741-B45D-4DC141F750FB}.Release|Any CPU.ActiveCfg = Release|Any CPU
		{4CFE507E-917C-4741-B45D-4DC141F750FB}.Release|Any CPU.Build.0 = Release|Any CPU
	EndGlobalSection
	GlobalSection(SolutionProperties) = preSolution
		HideSolutionNode = FALSE
	EndGlobalSection
	GlobalSection(ExtensibilityGlobals) = postSolution
		SolutionGuid = {6A9ADB25-5AB3-44A4-AFAA-685EE7F9B047}
	EndGlobalSection
EndGlobal
